
Microsoft Visual Studio Solution File, Format Version 12.00
# Visual Studio Version 16
VisualStudioVersion = 16.0.30225.117
MinimumVisualStudioVersion = 10.0.40219.1
Project("{2150E333-8FDC-42A3-9474-1A3956D46DE8}") = "Solution Items", "Solution Items", "{F46DCD58-7BB7-4033-8E0B-132F574A57E5}"
EndProject
Project("{8BC9CEB8-8B4A-11D0-8D11-00A0C91BC942}") = "ExampleGameEnginePluginHost", "ExampleGameEnginePluginHost\ExampleGameEnginePluginHost.vcxproj", "{755435E2-4D2C-42AB-B87B-447ED2033CF6}"
	ProjectSection(ProjectDependencies) = postProject
		{CA416691-6265-4B8B-9D5C-D103E7159BE1} = {CA416691-6265-4B8B-9D5C-D103E7159BE1}
	EndProjectSection
EndProject
Project("{8BC9CEB8-8B4A-11D0-8D11-00A0C91BC942}") = "GameEnginePlugin.Shared", "GameEnginePlugin.Shared\GameEnginePlugin.Shared.vcxitems", "{B9C4DE0B-2C6E-425E-AA9B-26F21CD940B0}"
EndProject
Project("{8BC9CEB8-8B4A-11D0-8D11-00A0C91BC942}") = "ExampleGameEnginePlugin", "ExampleGameEnginePlugin\ExampleGameEnginePlugin.vcxproj", "{CA416691-6265-4B8B-9D5C-D103E7159BE1}"
EndProject
Project("{8BC9CEB8-8B4A-11D0-8D11-00A0C91BC942}") = "ExampleGameEnginePlugin.Tests", "ExampleGameEnginePlugin.Tests\ExampleGameEnginePlugin.Tests.vcxproj", "{A668B42D-14DA-4EB9-B3B7-AC88EB433831}"
	ProjectSection(ProjectDependencies) = postProject
		{CA416691-6265-4B8B-9D5C-D103E7159BE1} = {CA416691-6265-4B8B-9D5C-D103E7159BE1}
	EndProjectSection
EndProject
Project("{8BC9CEB8-8B4A-11D0-8D11-00A0C91BC942}") = "GameEnginePlugin.XPlaneWrapper", "GameEnginePlugine.XPlaneWrapper\GameEnginePlugin.XPlaneWrapper.vcxproj", "{215F578F-D0D0-43D2-BC90-0D573F0A2689}"
	ProjectSection(ProjectDependencies) = postProject
		{CA416691-6265-4B8B-9D5C-D103E7159BE1} = {CA416691-6265-4B8B-9D5C-D103E7159BE1}
	EndProjectSection
EndProject
Project("{8BC9CEB8-8B4A-11D0-8D11-00A0C91BC942}") = "GameEnginePlugin.XPlaneWrapper.UnitTests", "GameEnginePlugin.XPlaneWrapper.UnitTests\GameEnginePlugin.XPlaneWrapper.UnitTests.vcxproj", "{C8932156-BE49-4EF1-AB20-391F8348236F}"
EndProject
Project("{2150E333-8FDC-42A3-9474-1A3956D46DE8}") = "XPlane", "XPlane", "{B277FD0A-297B-45C9-8682-58CFAC7DED2B}"
	ProjectSection(SolutionItems) = preProject
		XPlane\SDK\CHeaders\XPLM\XPLMCamera.h = XPlane\SDK\CHeaders\XPLM\XPLMCamera.h
		XPlane\SDK\CHeaders\XPLM\XPLMDataAccess.h = XPlane\SDK\CHeaders\XPLM\XPLMDataAccess.h
		XPlane\SDK\CHeaders\XPLM\XPLMDefs.h = XPlane\SDK\CHeaders\XPLM\XPLMDefs.h
		XPlane\SDK\CHeaders\XPLM\XPLMDisplay.h = XPlane\SDK\CHeaders\XPLM\XPLMDisplay.h
		XPlane\SDK\CHeaders\XPLM\XPLMGraphics.h = XPlane\SDK\CHeaders\XPLM\XPLMGraphics.h
		XPlane\SDK\CHeaders\XPLM\XPLMInstance.h = XPlane\SDK\CHeaders\XPLM\XPLMInstance.h
		XPlane\SDK\CHeaders\XPLM\XPLMMap.h = XPlane\SDK\CHeaders\XPLM\XPLMMap.h
		XPlane\SDK\CHeaders\XPLM\XPLMMenus.h = XPlane\SDK\CHeaders\XPLM\XPLMMenus.h
		XPlane\SDK\CHeaders\XPLM\XPLMNavigation.h = XPlane\SDK\CHeaders\XPLM\XPLMNavigation.h
		XPlane\SDK\CHeaders\XPLM\XPLMPlanes.h = XPlane\SDK\CHeaders\XPLM\XPLMPlanes.h
		XPlane\SDK\CHeaders\XPLM\XPLMPlugin.h = XPlane\SDK\CHeaders\XPLM\XPLMPlugin.h
		XPlane\SDK\CHeaders\XPLM\XPLMProcessing.h = XPlane\SDK\CHeaders\XPLM\XPLMProcessing.h
		XPlane\SDK\CHeaders\XPLM\XPLMScenery.h = XPlane\SDK\CHeaders\XPLM\XPLMScenery.h
		XPlane\SDK\CHeaders\XPLM\XPLMUtilities.h = XPlane\SDK\CHeaders\XPLM\XPLMUtilities.h
	EndProjectSection
EndProject
Global
	GlobalSection(SolutionConfigurationPlatforms) = preSolution
		Debug|x64 = Debug|x64
		Debug|x86 = Debug|x86
		Release|x64 = Release|x64
		Release|x86 = Release|x86
	EndGlobalSection
	GlobalSection(ProjectConfigurationPlatforms) = postSolution
		{755435E2-4D2C-42AB-B87B-447ED2033CF6}.Debug|x64.ActiveCfg = Debug|x64
		{755435E2-4D2C-42AB-B87B-447ED2033CF6}.Debug|x64.Build.0 = Debug|x64
		{755435E2-4D2C-42AB-B87B-447ED2033CF6}.Debug|x86.ActiveCfg = Debug|Win32
		{755435E2-4D2C-42AB-B87B-447ED2033CF6}.Debug|x86.Build.0 = Debug|Win32
		{755435E2-4D2C-42AB-B87B-447ED2033CF6}.Release|x64.ActiveCfg = Release|x64
		{755435E2-4D2C-42AB-B87B-447ED2033CF6}.Release|x64.Build.0 = Release|x64
		{755435E2-4D2C-42AB-B87B-447ED2033CF6}.Release|x86.ActiveCfg = Release|Win32
		{755435E2-4D2C-42AB-B87B-447ED2033CF6}.Release|x86.Build.0 = Release|Win32
		{CA416691-6265-4B8B-9D5C-D103E7159BE1}.Debug|x64.ActiveCfg = Debug|x64
		{CA416691-6265-4B8B-9D5C-D103E7159BE1}.Debug|x64.Build.0 = Debug|x64
		{CA416691-6265-4B8B-9D5C-D103E7159BE1}.Debug|x86.ActiveCfg = Debug|Win32
		{CA416691-6265-4B8B-9D5C-D103E7159BE1}.Debug|x86.Build.0 = Debug|Win32
		{CA416691-6265-4B8B-9D5C-D103E7159BE1}.Release|x64.ActiveCfg = Release|x64
		{CA416691-6265-4B8B-9D5C-D103E7159BE1}.Release|x64.Build.0 = Release|x64
		{CA416691-6265-4B8B-9D5C-D103E7159BE1}.Release|x86.ActiveCfg = Release|Win32
		{CA416691-6265-4B8B-9D5C-D103E7159BE1}.Release|x86.Build.0 = Release|Win32
		{A668B42D-14DA-4EB9-B3B7-AC88EB433831}.Debug|x64.ActiveCfg = Debug|x64
		{A668B42D-14DA-4EB9-B3B7-AC88EB433831}.Debug|x64.Build.0 = Debug|x64
		{A668B42D-14DA-4EB9-B3B7-AC88EB433831}.Debug|x86.ActiveCfg = Debug|Win32
		{A668B42D-14DA-4EB9-B3B7-AC88EB433831}.Debug|x86.Build.0 = Debug|Win32
		{A668B42D-14DA-4EB9-B3B7-AC88EB433831}.Release|x64.ActiveCfg = Release|x64
		{A668B42D-14DA-4EB9-B3B7-AC88EB433831}.Release|x64.Build.0 = Release|x64
		{A668B42D-14DA-4EB9-B3B7-AC88EB433831}.Release|x86.ActiveCfg = Release|Win32
		{A668B42D-14DA-4EB9-B3B7-AC88EB433831}.Release|x86.Build.0 = Release|Win32
		{215F578F-D0D0-43D2-BC90-0D573F0A2689}.Debug|x64.ActiveCfg = Debug|x64
		{215F578F-D0D0-43D2-BC90-0D573F0A2689}.Debug|x64.Build.0 = Debug|x64
		{215F578F-D0D0-43D2-BC90-0D573F0A2689}.Debug|x86.ActiveCfg = Debug|x64
		{215F578F-D0D0-43D2-BC90-0D573F0A2689}.Release|x64.ActiveCfg = Release|x64
		{215F578F-D0D0-43D2-BC90-0D573F0A2689}.Release|x64.Build.0 = Release|x64
		{215F578F-D0D0-43D2-BC90-0D573F0A2689}.Release|x86.ActiveCfg = Release|x64
		{C8932156-BE49-4EF1-AB20-391F8348236F}.Debug|x64.ActiveCfg = Debug|x64
		{C8932156-BE49-4EF1-AB20-391F8348236F}.Debug|x64.Build.0 = Debug|x64
		{C8932156-BE49-4EF1-AB20-391F8348236F}.Debug|x86.ActiveCfg = Debug|Win32
		{C8932156-BE49-4EF1-AB20-391F8348236F}.Debug|x86.Build.0 = Debug|Win32
		{C8932156-BE49-4EF1-AB20-391F8348236F}.Release|x64.ActiveCfg = Release|x64
		{C8932156-BE49-4EF1-AB20-391F8348236F}.Release|x64.Build.0 = Release|x64
		{C8932156-BE49-4EF1-AB20-391F8348236F}.Release|x86.ActiveCfg = Release|Win32
		{C8932156-BE49-4EF1-AB20-391F8348236F}.Release|x86.Build.0 = Release|Win32
	EndGlobalSection
	GlobalSection(SolutionProperties) = preSolution
		HideSolutionNode = FALSE
	EndGlobalSection
	GlobalSection(NestedProjects) = preSolution
		{B277FD0A-297B-45C9-8682-58CFAC7DED2B} = {F46DCD58-7BB7-4033-8E0B-132F574A57E5}
	EndGlobalSection
	GlobalSection(ExtensibilityGlobals) = postSolution
		SolutionGuid = {590DFFFA-CB14-455D-9B42-68B9F0CBD5C6}
	EndGlobalSection
EndGlobal
